
Microsoft Visual Studio Solution File, Format Version 12.00
# Visual Studio Version 16
VisualStudioVersion = 16.0.29102.190
MinimumVisualStudioVersion = 10.0.40219.1
Project("{FAE04EC0-301F-11D3-BF4B-00C04F79EFBC}") = "Vidly", "Vidly\Vidly.csproj", "{CAF13A67-CDBD-4E95-8B80-120DD70C36CF}"
EndProject
Global
	GlobalSection(SolutionConfigurationPlatforms) = preSolution
		Debug|Any CPU = Debug|Any CPU
		Release|Any CPU = Release|Any CPU
	EndGlobalSection
	GlobalSection(ProjectConfigurationPlatforms) = postSolution
		{CAF13A67-CDBD-4E95-8B80-120DD70C36CF}.Debug|Any CPU.ActiveCfg = Debug|Any CPU
		{CAF13A67-CDBD-4E95-8B80-120DD70C36CF}.Debug|Any CPU.Build.0 = Debug|Any CPU
		{CAF13A67-CDBD-4E95-8B80-120DD70C36CF}.Release|Any CPU.ActiveCfg = Release|Any CPU
		{CAF13A67-CDBD-4E95-8B80-120DD70C36CF}.Release|Any CPU.Build.0 = Release|Any CPU
	EndGlobalSection
	GlobalSection(SolutionProperties) = preSolution
		HideSolutionNode = FALSE
	EndGlobalSection
	GlobalSection(ExtensibilityGlobals) = postSolution
		SolutionGuid = {0E2C4D45-CCDE-4675-866C-30F34943AF7C}
	EndGlobalSection
EndGlobal
